
Microsoft Visual Studio Solution File, Format Version 12.00
# Visual Studio 15
VisualStudioVersion = 15.0.27703.2035
MinimumVisualStudioVersion = 10.0.40219.1
Project("{FAE04EC0-301F-11D3-BF4B-00C04F79EFBC}") = "Implementation", "Example\Implementation.csproj", "{240D225E-A9F2-4C1E-AB4C-7E8D29308518}"
EndProject
Project("{FAE04EC0-301F-11D3-BF4B-00C04F79EFBC}") = "Implementation.Tests", "..\Implementation.Tests\Implementation.Tests.csproj", "{EC91B641-B0C6-4D58-ADA8-AAED425AB10C}"
EndProject
Global
	GlobalSection(SolutionConfigurationPlatforms) = preSolution
		Debug|Any CPU = Debug|Any CPU
		Release|Any CPU = Release|Any CPU
	EndGlobalSection
	GlobalSection(ProjectConfigurationPlatforms) = postSolution
		{240D225E-A9F2-4C1E-AB4C-7E8D29308518}.Debug|Any CPU.ActiveCfg = Debug|Any CPU
		{240D225E-A9F2-4C1E-AB4C-7E8D29308518}.Debug|Any CPU.Build.0 = Debug|Any CPU
		{240D225E-A9F2-4C1E-AB4C-7E8D29308518}.Release|Any CPU.ActiveCfg = Release|Any CPU
		{240D225E-A9F2-4C1E-AB4C-7E8D29308518}.Release|Any CPU.Build.0 = Release|Any CPU
		{EC91B641-B0C6-4D58-ADA8-AAED425AB10C}.Debug|Any CPU.ActiveCfg = Debug|Any CPU
		{EC91B641-B0C6-4D58-ADA8-AAED425AB10C}.Debug|Any CPU.Build.0 = Debug|Any CPU
		{EC91B641-B0C6-4D58-ADA8-AAED425AB10C}.Release|Any CPU.ActiveCfg = Release|Any CPU
		{EC91B641-B0C6-4D58-ADA8-AAED425AB10C}.Release|Any CPU.Build.0 = Release|Any CPU
	EndGlobalSection
	GlobalSection(SolutionProperties) = preSolution
		HideSolutionNode = FALSE
	EndGlobalSection
	GlobalSection(ExtensibilityGlobals) = postSolution
		SolutionGuid = {300FBD8E-895D-44FF-8E0C-54A5A7C9B2A2}
	EndGlobalSection
EndGlobal
